
Microsoft Visual Studio Solution File, Format Version 12.00
# Visual Studio 15
VisualStudioVersion = 15.0.26124.0
MinimumVisualStudioVersion = 15.0.26124.0
Project("{FAE04EC0-301F-11D3-BF4B-00C04F79EFBC}") = "BowlingGame", "BowlingGame\BowlingGame.csproj", "{881E0095-AE7A-4BE9-894B-3C848E315780}"
EndProject
Project("{FAE04EC0-301F-11D3-BF4B-00C04F79EFBC}") = "BowlingGame.Tests", "BowlingGame.Tests\BowlingGame.Tests.csproj", "{E84B19EB-5177-4403-A21C-F6C3863D6602}"
EndProject
Global
	GlobalSection(SolutionConfigurationPlatforms) = preSolution
		Debug|Any CPU = Debug|Any CPU
		Debug|x64 = Debug|x64
		Debug|x86 = Debug|x86
		Release|Any CPU = Release|Any CPU
		Release|x64 = Release|x64
		Release|x86 = Release|x86
	EndGlobalSection
	GlobalSection(SolutionProperties) = preSolution
		HideSolutionNode = FALSE
	EndGlobalSection
	GlobalSection(ProjectConfigurationPlatforms) = postSolution
		{881E0095-AE7A-4BE9-894B-3C848E315780}.Debug|Any CPU.ActiveCfg = Debug|Any CPU
		{881E0095-AE7A-4BE9-894B-3C848E315780}.Debug|Any CPU.Build.0 = Debug|Any CPU
		{881E0095-AE7A-4BE9-894B-3C848E315780}.Debug|x64.ActiveCfg = Debug|Any CPU
		{881E0095-AE7A-4BE9-894B-3C848E315780}.Debug|x64.Build.0 = Debug|Any CPU
		{881E0095-AE7A-4BE9-894B-3C848E315780}.Debug|x86.ActiveCfg = Debug|Any CPU
		{881E0095-AE7A-4BE9-894B-3C848E315780}.Debug|x86.Build.0 = Debug|Any CPU
		{881E0095-AE7A-4BE9-894B-3C848E315780}.Release|Any CPU.ActiveCfg = Release|Any CPU
		{881E0095-AE7A-4BE9-894B-3C848E315780}.Release|Any CPU.Build.0 = Release|Any CPU
		{881E0095-AE7A-4BE9-894B-3C848E315780}.Release|x64.ActiveCfg = Release|Any CPU
		{881E0095-AE7A-4BE9-894B-3C848E315780}.Release|x64.Build.0 = Release|Any CPU
		{881E0095-AE7A-4BE9-894B-3C848E315780}.Release|x86.ActiveCfg = Release|Any CPU
		{881E0095-AE7A-4BE9-894B-3C848E315780}.Release|x86.Build.0 = Release|Any CPU
		{E84B19EB-5177-4403-A21C-F6C3863D6602}.Debug|Any CPU.ActiveCfg = Debug|Any CPU
		{E84B19EB-5177-4403-A21C-F6C3863D6602}.Debug|Any CPU.Build.0 = Debug|Any CPU
		{E84B19EB-5177-4403-A21C-F6C3863D6602}.Debug|x64.ActiveCfg = Debug|Any CPU
		{E84B19EB-5177-4403-A21C-F6C3863D6602}.Debug|x64.Build.0 = Debug|Any CPU
		{E84B19EB-5177-4403-A21C-F6C3863D6602}.Debug|x86.ActiveCfg = Debug|Any CPU
		{E84B19EB-5177-4403-A21C-F6C3863D6602}.Debug|x86.Build.0 = Debug|Any CPU
		{E84B19EB-5177-4403-A21C-F6C3863D6602}.Release|Any CPU.ActiveCfg = Release|Any CPU
		{E84B19EB-5177-4403-A21C-F6C3863D6602}.Release|Any CPU.Build.0 = Release|Any CPU
		{E84B19EB-5177-4403-A21C-F6C3863D6602}.Release|x64.ActiveCfg = Release|Any CPU
		{E84B19EB-5177-4403-A21C-F6C3863D6602}.Release|x64.Build.0 = Release|Any CPU
		{E84B19EB-5177-4403-A21C-F6C3863D6602}.Release|x86.ActiveCfg = Release|Any CPU
		{E84B19EB-5177-4403-A21C-F6C3863D6602}.Release|x86.Build.0 = Release|Any CPU
	EndGlobalSection
EndGlobal
